{
  "name": "CHAT -APPLICATION",
  "lockfileVersion": 3,
  "requires": true,
  "packages": {
    "": {
      "devDependencies": {
        "daisyui": "^5.4.7"
      }
    },
    "node_modules/daisyui": {
      "version": "5.4.7",
      "resolved": "https://registry.npmjs.org/daisyui/-/daisyui-5.4.7.tgz",
      "integrity": "sha512-2wYO61vTPCXk7xEBgnzLZAYoE0xS5IRLu/GSq0vORpB+cTrtubdx69NnA0loc0exvCY1s2fYL4lGZtFHe2ohNQ==",
      "dev": true,
      "license": "MIT",
      "funding": {
        "url": "https://github.com/saadeghi/daisyui?sponsor=1"
      }
    }
  }
}
